{
    "name": "genimi-proxy",
    "version": "1.0.0",
    "lockfileVersion": 3,
    "requires": true,
    "packages": {
        "": {
            "name": "genimi-proxy",
            "version": "1.0.0",
            "dependencies": {
                "genimi-proxy": "file:"
            }
        },
        "node_modules/genimi-proxy": {
            "resolved": "",
            "link": true
        }
    }
}
